
Microsoft Visual Studio Solution File, Format Version 12.00
Project("{FAE04EC0-301F-11D3-BF4B-00C04F79EFBC}") = "InterstellarConsortium", "src\InterstellarConsortium.csproj", "{FD0DA1DF-79F9-424B-B0C0-EE1A193F488D}"
EndProject
Global
	GlobalSection(SolutionConfigurationPlatforms) = preSolution
		Debug|Any CPU = Debug|Any CPU
		Release|Any CPU = Release|Any CPU
	EndGlobalSection
	GlobalSection(ProjectConfigurationPlatforms) = postSolution
		{FD0DA1DF-79F9-424B-B0C0-EE1A193F488D}.Debug|Any CPU.ActiveCfg = Debug|Any CPU
		{FD0DA1DF-79F9-424B-B0C0-EE1A193F488D}.Debug|Any CPU.Build.0 = Debug|Any CPU
		{FD0DA1DF-79F9-424B-B0C0-EE1A193F488D}.Release|Any CPU.ActiveCfg = Release|Any CPU
		{FD0DA1DF-79F9-424B-B0C0-EE1A193F488D}.Release|Any CPU.Build.0 = Release|Any CPU
	EndGlobalSection
EndGlobal
